
Microsoft Visual Studio Solution File, Format Version 12.00
# Visual Studio 15
VisualStudioVersion = 15.0.28307.329
MinimumVisualStudioVersion = 10.0.40219.1
Project("{FAE04EC0-301F-11D3-BF4B-00C04F79EFBC}") = "Calculadora", "Calculadora\Calculadora.csproj", "{7E1D43B3-D3A3-4545-960A-80D7C1D06943}"
EndProject
Global
	GlobalSection(SolutionConfigurationPlatforms) = preSolution
		Debug|Any CPU = Debug|Any CPU
		Release|Any CPU = Release|Any CPU
	EndGlobalSection
	GlobalSection(ProjectConfigurationPlatforms) = postSolution
		{7E1D43B3-D3A3-4545-960A-80D7C1D06943}.Debug|Any CPU.ActiveCfg = Debug|Any CPU
		{7E1D43B3-D3A3-4545-960A-80D7C1D06943}.Debug|Any CPU.Build.0 = Debug|Any CPU
		{7E1D43B3-D3A3-4545-960A-80D7C1D06943}.Release|Any CPU.ActiveCfg = Release|Any CPU
		{7E1D43B3-D3A3-4545-960A-80D7C1D06943}.Release|Any CPU.Build.0 = Release|Any CPU
	EndGlobalSection
	GlobalSection(SolutionProperties) = preSolution
		HideSolutionNode = FALSE
	EndGlobalSection
	GlobalSection(ExtensibilityGlobals) = postSolution
		SolutionGuid = {6ABE29F0-F205-4A4E-9A30-2B8F1F4F7714}
	EndGlobalSection
EndGlobal
